
Microsoft Visual Studio Solution File, Format Version 12.00
# Visual Studio 2012
Project("{FAE04EC0-301F-11D3-BF4B-00C04F79EFBC}") = "MapViewSilverlight", "MapViewSilverlight\MapViewSilverlight.csproj", "{1B125C37-1FFC-4B2B-86BE-8F4F5DA18687}"
	ProjectSection(ProjectDependencies) = postProject
		{661D962B-7147-480E-B249-708228607D0E} = {661D962B-7147-480E-B249-708228607D0E}
	EndProjectSection
EndProject
Project("{FAE04EC0-301F-11D3-BF4B-00C04F79EFBC}") = "MapViewSilverlight.Web", "MapViewSilverlight.Web\MapViewSilverlight.Web.csproj", "{661D962B-7147-480E-B249-708228607D0E}"
EndProject
Global
	GlobalSection(SolutionConfigurationPlatforms) = preSolution
		Debug|Any CPU = Debug|Any CPU
		Release|Any CPU = Release|Any CPU
	EndGlobalSection
	GlobalSection(ProjectConfigurationPlatforms) = postSolution
		{1B125C37-1FFC-4B2B-86BE-8F4F5DA18687}.Debug|Any CPU.ActiveCfg = Debug|Any CPU
		{1B125C37-1FFC-4B2B-86BE-8F4F5DA18687}.Debug|Any CPU.Build.0 = Debug|Any CPU
		{1B125C37-1FFC-4B2B-86BE-8F4F5DA18687}.Release|Any CPU.ActiveCfg = Release|Any CPU
		{1B125C37-1FFC-4B2B-86BE-8F4F5DA18687}.Release|Any CPU.Build.0 = Release|Any CPU
		{661D962B-7147-480E-B249-708228607D0E}.Debug|Any CPU.ActiveCfg = Debug|Any CPU
		{661D962B-7147-480E-B249-708228607D0E}.Debug|Any CPU.Build.0 = Debug|Any CPU
		{661D962B-7147-480E-B249-708228607D0E}.Release|Any CPU.ActiveCfg = Release|Any CPU
		{661D962B-7147-480E-B249-708228607D0E}.Release|Any CPU.Build.0 = Release|Any CPU
	EndGlobalSection
	GlobalSection(SolutionProperties) = preSolution
		HideSolutionNode = FALSE
	EndGlobalSection
EndGlobal
